
Microsoft Visual Studio Solution File, Format Version 12.00
# Visual Studio 15
Project("{FAE04EC0-301F-11D3-BF4B-00C04F79EFBC}") = "Senor Robot", "Assembly-CSharp.csproj", "{2649B08E-BB39-6A84-4169-308664545930}"
EndProject
Project("{FAE04EC0-301F-11D3-BF4B-00C04F79EFBC}") = "Senor Robot", "Assembly-CSharp-Editor.csproj", "{692CD782-6653-F8FC-F934-A0FA041E0B66}"
EndProject
Global
	GlobalSection(SolutionConfigurationPlatforms) = preSolution
		Debug|Any CPU = Debug|Any CPU
		Release|Any CPU = Release|Any CPU
	EndGlobalSection
	GlobalSection(ProjectConfigurationPlatforms) = postSolution
		{2649B08E-BB39-6A84-4169-308664545930}.Debug|Any CPU.ActiveCfg = Debug|Any CPU
		{2649B08E-BB39-6A84-4169-308664545930}.Debug|Any CPU.Build.0 = Debug|Any CPU
		{2649B08E-BB39-6A84-4169-308664545930}.Release|Any CPU.ActiveCfg = Release|Any CPU
		{2649B08E-BB39-6A84-4169-308664545930}.Release|Any CPU.Build.0 = Release|Any CPU
		{692CD782-6653-F8FC-F934-A0FA041E0B66}.Debug|Any CPU.ActiveCfg = Debug|Any CPU
		{692CD782-6653-F8FC-F934-A0FA041E0B66}.Debug|Any CPU.Build.0 = Debug|Any CPU
		{692CD782-6653-F8FC-F934-A0FA041E0B66}.Release|Any CPU.ActiveCfg = Release|Any CPU
		{692CD782-6653-F8FC-F934-A0FA041E0B66}.Release|Any CPU.Build.0 = Release|Any CPU
	EndGlobalSection
	GlobalSection(SolutionProperties) = preSolution
		HideSolutionNode = FALSE
	EndGlobalSection
EndGlobal
